
Microsoft Visual Studio Solution File, Format Version 12.00
# Visual Studio Version 16
VisualStudioVersion = 16.0.35026.282
MinimumVisualStudioVersion = 10.0.40219.1
Project("{8BC9CEB8-8B4A-11D0-8D11-00A0C91BC942}") = "0725", "0725\0725.vcxproj", "{50BB0523-3E2B-4F10-9543-456238834368}"
EndProject
Global
	GlobalSection(SolutionConfigurationPlatforms) = preSolution
		Debug|x64 = Debug|x64
		Debug|x86 = Debug|x86
		Release|x64 = Release|x64
		Release|x86 = Release|x86
	EndGlobalSection
	GlobalSection(ProjectConfigurationPlatforms) = postSolution
		{50BB0523-3E2B-4F10-9543-456238834368}.Debug|x64.ActiveCfg = Debug|x64
		{50BB0523-3E2B-4F10-9543-456238834368}.Debug|x64.Build.0 = Debug|x64
		{50BB0523-3E2B-4F10-9543-456238834368}.Debug|x86.ActiveCfg = Debug|Win32
		{50BB0523-3E2B-4F10-9543-456238834368}.Debug|x86.Build.0 = Debug|Win32
		{50BB0523-3E2B-4F10-9543-456238834368}.Release|x64.ActiveCfg = Release|x64
		{50BB0523-3E2B-4F10-9543-456238834368}.Release|x64.Build.0 = Release|x64
		{50BB0523-3E2B-4F10-9543-456238834368}.Release|x86.ActiveCfg = Release|Win32
		{50BB0523-3E2B-4F10-9543-456238834368}.Release|x86.Build.0 = Release|Win32
	EndGlobalSection
	GlobalSection(SolutionProperties) = preSolution
		HideSolutionNode = FALSE
	EndGlobalSection
	GlobalSection(ExtensibilityGlobals) = postSolution
		SolutionGuid = {0D67018B-6A43-4B8B-9378-B51D240115E7}
	EndGlobalSection
EndGlobal
